git.ghpcard.local/csipitca/aes v1.2.1 h1:8mivzny3LyeQlK3sZE/B69l8CZvEg4xVeciJeF3j3ZY=
git.ghpcard.local/csipitca/aes v1.2.1/go.mod h1:RVIBIvK0DEhHInQBRO8DRJbpJRgGLq89exJB/LyI4dE=
git.ghpcard.local/csipitca/auth v1.10.1 h1:+XpIcS8rLB2ZXTTaKFm/aSfQE+aHpSsi9KQiQA/akZk=
git.ghpcard.local/csipitca/auth v1.10.1/go.mod h1:anfKNV+ojBEZauD9Nz752gM8FATvncZr4vZZ1yhKffE=
git.ghpcard.local/csipitca/auth v1.12.2 h1:bTuai4DjRKtVfz2XF3UcBhTHMhECobXkJqisF0j+iNg=
git.ghpcard.local/csipitca/auth v1.12.2/go.mod h1:ZR2Zj9mrUizUUwZcxkB989AfvkwgKCn+dIW91rXoMCw=
git.ghpcard.local/csipitca/email v1.1.3 h1:1ST3shLPzHmeRz/kQhOr2Qzmw9Ue1XJPw0orwfy1+nc=
git.ghpcard.local/csipitca/email v1.1.3/go.mod h1:kLoLXE1a9RPLIlXUxCjQHasLKWLnSq3FCc6EUAmOVu4=
git.ghpcard.local/csipitca/email v1.2.1 h1:ZHoMTLgU6Tb/QLcuG5eyuWcPKpePRZtD6i7Xli3iahw=
git.ghpcard.local/csipitca/email v1.2.1/go.mod h1:OS9Ta8/lAgb3YBWejfjk5Rm8TBsL01fwc+vW3K6614I=
git.ghpcard.local/csipitca/hash v1.1.1 h1:L/kt3R6aYADtatiLqjzKhlgD8ZE4CVtj2KQ4mcQF/nw=
git.ghpcard.local/csipitca/hash v1.1.1/go.mod h1:U7BJ926SOqB1OuUd4wgzxbQwDNsT2EKgWohktNTMzLY=
git.ghpcard.local/csipitca/logcs v1.9.1/go.mod h1:vJKUpdabrEjKxH65OHwe5eJhcEDZ2W8zHlJTVREw0rI=
git.ghpcard.local/csipitca/logcs v1.12.2 h1:L7F4WBT2nu1OkoHX8uMV0jY3GksS6knfR6RSoFdX6Fk=
git.ghpcard.local/csipitca/logcs v1.12.2/go.mod h1:UEOIw+Oc5uZERRIGZKVOU72CYOdaXXQov0dgdjmVqTo=
git.ghpcard.local/csipitca/logcs v1.14.3 h1:dhldbozG9p4G4BMga+8ESBfTM1QLL0vPKyrc9/rFtBw=
git.ghpcard.local/csipitca/logcs v1.14.3/go.mod h1:UEOIw+Oc5uZERRIGZKVOU72CYOdaXXQov0dgdjmVqTo=
git.ghpcard.local/csipitca/logcs v1.15.2 h1:mUcfpwzkBMz6p0lIFUDxj+LUCOWWF3ZmToEXF06SMZQ=
git.ghpcard.local/csipitca/logcs v1.15.2/go.mod h1:UEOIw+Oc5uZERRIGZKVOU72CYOdaXXQov0dgdjmVqTo=
github.com/ThomsonReutersEikon/go-ntlm v0.0.0-20181130171125-cf23bd1ecf18/go.mod h1:0eFwySJYxbNw/r8cJ01IeztpJfwrgrmiLtYig80Yvrc=
github.com/pkg/errors v0.9.1 h1:FEBLx1zS214owpjy7qsBeixbURkuhQAwrK5UwLGTwt4=
github.com/pkg/errors v0.9.1/go.mod h1:bwawxfHBFNV+L2hUp1rHADufV3IMtnDRdf1r5NINEl0=
golang.org/x/crypto v0.0.0-20210711020723-a769d52b0f97/go.mod h1:GvvjBRRGRdwPK5ydBHafDWAxML/pGHZbMvKqRZ5+Abc=
golang.org/x/crypto v0.14.0 h1:wBqGXzWJW6m1XrIKlAH0Hs1JJ7+9KBwnIO8v66Q9cHc=
golang.org/x/crypto v0.14.0/go.mod h1:MVFd36DqK4CsrnJYDkBA3VC4m2GkXAM0PvzMCn4JQf4=
golang.org/x/crypto v0.15.0 h1:frVn1TEaCEaZcn3Tmd7Y2b5KKPaZ+I32Q2OA3kYp5TA=
golang.org/x/crypto v0.15.0/go.mod h1:4ChreQoLWfG3xLDer1WdlH5NdlQ3+mwnQq1YTKY+72g=
golang.org/x/crypto v0.21.0 h1:X31++rzVUdKhX5sWmSOFZxx8UW/ldWx55cbf08iNAMA=
golang.org/x/crypto v0.21.0/go.mod h1:0BP7YvVV9gBbVKyeTG0Gyn+gZm94bibOW5BjDEYAOMs=
golang.org/x/net v0.0.0-20181220203305-927f97764cc3/go.mod h1:mL1N/T3taQHkDXs73rZJwtUhF3w3ftmwwsq0BUmARs4=
golang.org/x/net v0.0.0-20210226172049-e18ecbb05110/go.mod h1:m0MpNAwzfU5UDzcl9v0D8zg8gWTRqZa9RBIspLL5mdg=
golang.org/x/net v0.17.0 h1:pVaXccu2ozPjCXewfr1S7xza/zcXTity9cCdXQYSjIM=
golang.org/x/net v0.17.0/go.mod h1:NxSsAGuq816PNPmqtQdLE42eU2Fs7NoRIZrHJAlaCOE=
golang.org/x/net v0.22.0 h1:9sGLhx7iRIHEiX0oAJ3MRZMUCElJgy7Br1nO+AMN3Tc=
golang.org/x/net v0.22.0/go.mod h1:JKghWKKOSdJwpW2GEx0Ja7fmaKnMsbu+MWVZTokSYmg=
golang.org/x/sys v0.0.0-20201119102817-f84b799fce68/go.mod h1:h1NjWce9XRLGQEsW7wpKNCjG9DtNlClVuFLEZdDNbEs=
golang.org/x/sys v0.0.0-20210615035016-665e8c7367d1/go.mod h1:oPkhp1MJrh7nUepCBck5+mAzfO9JrbApNNgaTdGDITg=
golang.org/x/sys v0.13.0 h1:Af8nKPmuFypiUBjVoU9V20FiaFXOcuZI21p0ycVYYGE=
golang.org/x/sys v0.13.0/go.mod h1:oPkhp1MJrh7nUepCBck5+mAzfO9JrbApNNgaTdGDITg=
golang.org/x/sys v0.14.0 h1:Vz7Qs629MkJkGyHxUlRHizWJRG2j8fbQKjELVSNhy7Q=
golang.org/x/sys v0.14.0/go.mod h1:/VUhepiaJMQUp4+oa/7Zr1D23ma6VTLIYjOOTFZPUcA=
golang.org/x/sys v0.18.0 h1:DBdB3niSjOA/O0blCZBqDefyWNYveAYMNF1Wum0DYQ4=
golang.org/x/sys v0.18.0/go.mod h1:/VUhepiaJMQUp4+oa/7Zr1D23ma6VTLIYjOOTFZPUcA=
golang.org/x/term v0.0.0-20201126162022-7de9c90e9dd1/go.mod h1:bj7SfCRtBDWHUb9snDiAeCFNEtKQo2Wmx5Cou7ajbmo=
golang.org/x/term v0.13.0 h1:bb+I9cTfFazGW51MZqBVmZy7+JEJMouUHTUSKVQLBek=
golang.org/x/term v0.13.0/go.mod h1:LTmsnFJwVN6bCy1rVCoS+qHT1HhALEFxKncY3WNNh4U=
golang.org/x/term v0.14.0 h1:LGK9IlZ8T9jvdy6cTdfKUCltatMFOehAQo9SRC46UQ8=
golang.org/x/term v0.14.0/go.mod h1:TySc+nGkYR6qt8km8wUhuFRTVSMIX3XPR58y2lC8vww=
golang.org/x/term v0.18.0 h1:FcHjZXDMxI8mM3nwhX9HlKop4C0YQvCVCdwYl2wOtE8=
golang.org/x/term v0.18.0/go.mod h1:ILwASektA3OnRv7amZ1xhE/KTR+u50pbXfZ03+6Nx58=
golang.org/x/text v0.3.3/go.mod h1:5Zoc/QRtKVWzQhOtBMvqHzDpF6irO9z98xDceosuGiQ=
golang.org/x/tools v0.0.0-20180917221912-90fa682c2a6e/go.mod h1:n7NCudcB/nEzxVGmLbDWY5pfWTLqBcC2KZ6jyYvM4mQ=
gopkg.in/resty.v1 v1.12.0 h1:CuXP0Pjfw9rOuY6EP+UvtNvt5DSqHpIxILZKT/quCZI=
gopkg.in/resty.v1 v1.12.0/go.mod h1:mDo4pnntr5jdWRML875a/NmxYqAlA73dVijT2AXvQQo=
